
Microsoft Visual Studio Solution File, Format Version 12.00
# Visual Studio Version 17
VisualStudioVersion = 17.4.33122.133
MinimumVisualStudioVersion = 10.0.40219.1
Project("{FAE04EC0-301F-11D3-BF4B-00C04F79EFBC}") = "AssetTrackingDb", "AssetTrackingDb\AssetTrackingDb.csproj", "{8E96B7D1-99F7-424B-AE53-708FE75530F3}"
EndProject
Global
	GlobalSection(SolutionConfigurationPlatforms) = preSolution
		Debug|Any CPU = Debug|Any CPU
		Release|Any CPU = Release|Any CPU
	EndGlobalSection
	GlobalSection(ProjectConfigurationPlatforms) = postSolution
		{8E96B7D1-99F7-424B-AE53-708FE75530F3}.Debug|Any CPU.ActiveCfg = Debug|Any CPU
		{8E96B7D1-99F7-424B-AE53-708FE75530F3}.Debug|Any CPU.Build.0 = Debug|Any CPU
		{8E96B7D1-99F7-424B-AE53-708FE75530F3}.Release|Any CPU.ActiveCfg = Release|Any CPU
		{8E96B7D1-99F7-424B-AE53-708FE75530F3}.Release|Any CPU.Build.0 = Release|Any CPU
	EndGlobalSection
	GlobalSection(SolutionProperties) = preSolution
		HideSolutionNode = FALSE
	EndGlobalSection
	GlobalSection(ExtensibilityGlobals) = postSolution
		SolutionGuid = {DACA01C1-CC0E-47F6-A4C1-D466E41E6D41}
	EndGlobalSection
EndGlobal
